// !$*UTF8*$!
{
	archiveVersion = 1;
	classes = {
	};
	objectVersion = 55;
	objects = {

/* Begin PBXBuildFile section */
		AC98C34127DBD40E001EA4A4 /* SDWebImage.framework in Frameworks */ = {isa = PBXBuildFile; fileRef = AC98C33D27DBD401001EA4A4 /* SDWebImage.framework */; };
		AC98C34227DBD40E001EA4A4 /* SDWebImage.framework in Embed Frameworks */ = {isa = PBXBuildFile; fileRef = AC98C33D27DBD401001EA4A4 /* SDWebImage.framework */; settings = {ATTRIBUTES = (CodeSignOnCopy, RemoveHeadersOnCopy, ); }; };
		AC98C34627DBD485001EA4A4 /* NetworkService.swift in Sources */ = {isa = PBXBuildFile; fileRef = AC98C34527DBD485001EA4A4 /* NetworkService.swift */; };
		AC98C34927DBDA68001EA4A4 /* NetworkError.swift in Sources */ = {isa = PBXBuildFile; fileRef = AC98C34827DBDA68001EA4A4 /* NetworkError.swift */; };
		ACD11C9B27DB1B5200521E05 /* AppDelegate.swift in Sources */ = {isa = PBXBuildFile; fileRef = ACD11C9A27DB1B5200521E05 /* AppDelegate.swift */; };
		ACD11C9D27DB1B5200521E05 /* SceneDelegate.swift in Sources */ = {isa = PBXBuildFile; fileRef = ACD11C9C27DB1B5200521E05 /* SceneDelegate.swift */; };
		ACD11CA227DB1B5200521E05 /* Main.storyboard in Resources */ = {isa = PBXBuildFile; fileRef = ACD11CA027DB1B5200521E05 /* Main.storyboard */; };
		ACD11CA427DB1B5400521E05 /* Assets.xcassets in Resources */ = {isa = PBXBuildFile; fileRef = ACD11CA327DB1B5400521E05 /* Assets.xcassets */; };
		ACD11CA727DB1B5400521E05 /* LaunchScreen.storyboard in Resources */ = {isa = PBXBuildFile; fileRef = ACD11CA527DB1B5400521E05 /* LaunchScreen.storyboard */; };
		ACD11CAF27DB1C8200521E05 /* Menu.swift in Sources */ = {isa = PBXBuildFile; fileRef = ACD11CAE27DB1C8200521E05 /* Menu.swift */; };
		ACD11CB627DB336A00521E05 /* TableViewController.swift in Sources */ = {isa = PBXBuildFile; fileRef = ACD11CB527DB336A00521E05 /* TableViewController.swift */; };
		ACD11CB827DB912000521E05 /* TableViewCell.swift in Sources */ = {isa = PBXBuildFile; fileRef = ACD11CB727DB912000521E05 /* TableViewCell.swift */; };
/* End PBXBuildFile section */

/* Begin PBXContainerItemProxy section */
		AC98C33A27DBD401001EA4A4 /* PBXContainerItemProxy */ = {
			isa = PBXContainerItemProxy;
			containerPortal = AC98C33327DBD401001EA4A4 /* SDWebImage.xcodeproj */;
			proxyType = 2;
			remoteGlobalIDString = 53761325155AD0D5005750A4;
			remoteInfo = "SDWebImage static";
		};
		AC98C33C27DBD401001EA4A4 /* PBXContainerItemProxy */ = {
			isa = PBXContainerItemProxy;
			containerPortal = AC98C33327DBD401001EA4A4 /* SDWebImage.xcodeproj */;
			proxyType = 2;
			remoteGlobalIDString = 4A2CADFF1AB4BB5300B6BC39;
			remoteInfo = SDWebImage;
		};
		AC98C33E27DBD401001EA4A4 /* PBXContainerItemProxy */ = {
			isa = PBXContainerItemProxy;
			containerPortal = AC98C33327DBD401001EA4A4 /* SDWebImage.xcodeproj */;
			proxyType = 2;
			remoteGlobalIDString = 80B6DFEE2142B71600BCB334;
			remoteInfo = SDWebImageMapKit;
		};
/* End PBXContainerItemProxy section */

/* Begin PBXCopyFilesBuildPhase section */
		AC98C34327DBD40E001EA4A4 /* Embed Frameworks */ = {
			isa = PBXCopyFilesBuildPhase;
			buildActionMask = 2147483647;
			dstPath = "";
			dstSubfolderSpec = 10;
			files = (
				AC98C34227DBD40E001EA4A4 /* SDWebImage.framework in Embed Frameworks */,
			);
			name = "Embed Frameworks";
			runOnlyForDeploymentPostprocessing = 0;
		};
/* End PBXCopyFilesBuildPhase section */

/* Begin PBXFileReference section */
		AC98C33327DBD401001EA4A4 /* SDWebImage.xcodeproj */ = {isa = PBXFileReference; lastKnownFileType = "wrapper.pb-project"; name = SDWebImage.xcodeproj; path = "../peretz-main/SDWebImage-master/SDWebImage.xcodeproj"; sourceTree = "<group>"; };
		AC98C34527DBD485001EA4A4 /* NetworkService.swift */ = {isa = PBXFileReference; lastKnownFileType = sourcecode.swift; path = NetworkService.swift; sourceTree = "<group>"; };
		AC98C34827DBDA68001EA4A4 /* NetworkError.swift */ = {isa = PBXFileReference; lastKnownFileType = sourcecode.swift; path = NetworkError.swift; sourceTree = "<group>"; };
		ACD11C9727DB1B5200521E05 /* GambitProject.app */ = {isa = PBXFileReference; explicitFileType = wrapper.application; includeInIndex = 0; path = GambitProject.app; sourceTree = BUILT_PRODUCTS_DIR; };
		ACD11C9A27DB1B5200521E05 /* AppDelegate.swift */ = {isa = PBXFileReference; lastKnownFileType = sourcecode.swift; path = AppDelegate.swift; sourceTree = "<group>"; };
		ACD11C9C27DB1B5200521E05 /* SceneDelegate.swift */ = {isa = PBXFileReference; lastKnownFileType = sourcecode.swift; path = SceneDelegate.swift; sourceTree = "<group>"; };
		ACD11CA127DB1B5200521E05 /* Base */ = {isa = PBXFileReference; lastKnownFileType = file.storyboard; name = Base; path = Base.lproj/Main.storyboard; sourceTree = "<group>"; };
		ACD11CA327DB1B5400521E05 /* Assets.xcassets */ = {isa = PBXFileReference; lastKnownFileType = folder.assetcatalog; path = Assets.xcassets; sourceTree = "<group>"; };
		ACD11CA627DB1B5400521E05 /* Base */ = {isa = PBXFileReference; lastKnownFileType = file.storyboard; name = Base; path = Base.lproj/LaunchScreen.storyboard; sourceTree = "<group>"; };
		ACD11CA827DB1B5400521E05 /* Info.plist */ = {isa = PBXFileReference; lastKnownFileType = text.plist.xml; path = Info.plist; sourceTree = "<group>"; };
		ACD11CAE27DB1C8200521E05 /* Menu.swift */ = {isa = PBXFileReference; lastKnownFileType = sourcecode.swift; path = Menu.swift; sourceTree = "<group>"; };
		ACD11CB527DB336A00521E05 /* TableViewController.swift */ = {isa = PBXFileReference; lastKnownFileType = sourcecode.swift; path = TableViewController.swift; sourceTree = "<group>"; };
		ACD11CB727DB912000521E05 /* TableViewCell.swift */ = {isa = PBXFileReference; lastKnownFileType = sourcecode.swift; path = TableViewCell.swift; sourceTree = "<group>"; };
/* End PBXFileReference section */

/* Begin PBXFrameworksBuildPhase section */
		ACD11C9427DB1B5200521E05 /* Frameworks */ = {
			isa = PBXFrameworksBuildPhase;
			buildActionMask = 2147483647;
			files = (
				AC98C34127DBD40E001EA4A4 /* SDWebImage.framework in Frameworks */,
			);
			runOnlyForDeploymentPostprocessing = 0;
		};
/* End PBXFrameworksBuildPhase section */

/* Begin PBXGroup section */
		AC98C33427DBD401001EA4A4 /* Products */ = {
			isa = PBXGroup;
			children = (
				AC98C33B27DBD401001EA4A4 /* libSDWebImage.a */,
				AC98C33D27DBD401001EA4A4 /* SDWebImage.framework */,
				AC98C33F27DBD401001EA4A4 /* SDWebImageMapKit.framework */,
			);
			name = Products;
			sourceTree = "<group>";
		};
		AC98C34727DBD48A001EA4A4 /* NetworkService */ = {
			isa = PBXGroup;
			children = (
				AC98C34527DBD485001EA4A4 /* NetworkService.swift */,
				AC98C34827DBDA68001EA4A4 /* NetworkError.swift */,
			);
			name = NetworkService;
			path = ..;
			sourceTree = "<group>";
		};
		ACD11C8E27DB1B5200521E05 = {
			isa = PBXGroup;
			children = (
				AC98C33327DBD401001EA4A4 /* SDWebImage.xcodeproj */,
				ACD11C9927DB1B5200521E05 /* GambitProject */,
				ACD11C9827DB1B5200521E05 /* Products */,
			);
			sourceTree = "<group>";
		};
		ACD11C9827DB1B5200521E05 /* Products */ = {
			isa = PBXGroup;
			children = (
				ACD11C9727DB1B5200521E05 /* GambitProject.app */,
			);
			name = Products;
			sourceTree = "<group>";
		};
		ACD11C9927DB1B5200521E05 /* GambitProject */ = {
			isa = PBXGroup;
			children = (
				ACD11C9A27DB1B5200521E05 /* AppDelegate.swift */,
				ACD11C9C27DB1B5200521E05 /* SceneDelegate.swift */,
				ACD11CB027DB30FC00521E05 /* Model */,
				ACD11CB127DB311500521E05 /* View */,
				ACD11CB427DB313200521E05 /* Controller */,
				ACD11CA327DB1B5400521E05 /* Assets.xcassets */,
				ACD11CA527DB1B5400521E05 /* LaunchScreen.storyboard */,
				ACD11CA827DB1B5400521E05 /* Info.plist */,
			);
			path = GambitProject;
			sourceTree = "<group>";
		};
		ACD11CB027DB30FC00521E05 /* Model */ = {
			isa = PBXGroup;
			children = (
				ACD11CAE27DB1C8200521E05 /* Menu.swift */,
			);
			path = Model;
			sourceTree = "<group>";
		};
		ACD11CB127DB311500521E05 /* View */ = {
			isa = PBXGroup;
			children = (
				ACD11CA027DB1B5200521E05 /* Main.storyboard */,
			);
			path = View;
			sourceTree = "<group>";
		};
		ACD11CB427DB313200521E05 /* Controller */ = {
			isa = PBXGroup;
			children = (
				ACD11CB727DB912000521E05 /* TableViewCell.swift */,
				ACD11CB527DB336A00521E05 /* TableViewController.swift */,
				AC98C34727DBD48A001EA4A4 /* NetworkService */,
			);
			path = Controller;
			sourceTree = "<group>";
		};
/* End PBXGroup section */

/* Begin PBXNativeTarget section */
		ACD11C9627DB1B5200521E05 /* GambitProject */ = {
			isa = PBXNativeTarget;
			buildConfigurationList = ACD11CAB27DB1B5400521E05 /* Build configuration list for PBXNativeTarget "GambitProject" */;
			buildPhases = (
				ACD11C9327DB1B5200521E05 /* Sources */,
				ACD11C9427DB1B5200521E05 /* Frameworks */,
				ACD11C9527DB1B5200521E05 /* Resources */,
				AC98C34327DBD40E001EA4A4 /* Embed Frameworks */,
			);
			buildRules = (
			);
			dependencies = (
			);
			name = GambitProject;
			productName = GambitProject;
			productReference = ACD11C9727DB1B5200521E05 /* GambitProject.app */;
			productType = "com.apple.product-type.application";
		};
/* End PBXNativeTarget section */

/* Begin PBXProject section */
		ACD11C8F27DB1B5200521E05 /* Project object */ = {
			isa = PBXProject;
			attributes = {
				BuildIndependentTargetsInParallel = 1;
				LastSwiftUpdateCheck = 1320;
				LastUpgradeCheck = 1320;
				TargetAttributes = {
					ACD11C9627DB1B5200521E05 = {
						CreatedOnToolsVersion = 13.2.1;
					};
				};
			};
			buildConfigurationList = ACD11C9227DB1B5200521E05 /* Build configuration list for PBXProject "GambitProject" */;
			compatibilityVersion = "Xcode 13.0";
			developmentRegion = en;
			hasScannedForEncodings = 0;
			knownRegions = (
				en,
				Base,
			);
			mainGroup = ACD11C8E27DB1B5200521E05;
			productRefGroup = ACD11C9827DB1B5200521E05 /* Products */;
			projectDirPath = "";
			projectReferences = (
				{
					ProductGroup = AC98C33427DBD401001EA4A4 /* Products */;
					ProjectRef = AC98C33327DBD401001EA4A4 /* SDWebImage.xcodeproj */;
				},
			);
			projectRoot = "";
			targets = (
				ACD11C9627DB1B5200521E05 /* GambitProject */,
			);
		};
/* End PBXProject section */

/* Begin PBXReferenceProxy section */
		AC98C33B27DBD401001EA4A4 /* libSDWebImage.a */ = {
			isa = PBXReferenceProxy;
			fileType = archive.ar;
			path = libSDWebImage.a;
			remoteRef = AC98C33A27DBD401001EA4A4 /* PBXContainerItemProxy */;
			sourceTree = BUILT_PRODUCTS_DIR;
		};
		AC98C33D27DBD401001EA4A4 /* SDWebImage.framework */ = {
			isa = PBXReferenceProxy;
			fileType = wrapper.framework;
			path = SDWebImage.framework;
			remoteRef = AC98C33C27DBD401001EA4A4 /* PBXContainerItemProxy */;
			sourceTree = BUILT_PRODUCTS_DIR;
		};
		AC98C33F27DBD401001EA4A4 /* SDWebImageMapKit.framework */ = {
			isa = PBXReferenceProxy;
			fileType = wrapper.framework;
			path = SDWebImageMapKit.framework;
			remoteRef = AC98C33E27DBD401001EA4A4 /* PBXContainerItemProxy */;
			sourceTree = BUILT_PRODUCTS_DIR;
		};
/* End PBXReferenceProxy section */

/* Begin PBXResourcesBuildPhase section */
		ACD11C9527DB1B5200521E05 /* Resources */ = {
			isa = PBXResourcesBuildPhase;
			buildActionMask = 2147483647;
			files = (
				ACD11CA727DB1B5400521E05 /* LaunchScreen.storyboard in Resources */,
				ACD11CA427DB1B5400521E05 /* Assets.xcassets in Resources */,
				ACD11CA227DB1B5200521E05 /* Main.storyboard in Resources */,
			);
			runOnlyForDeploymentPostprocessing = 0;
		};
/* End PBXResourcesBuildPhase section */

/* Begin PBXSourcesBuildPhase section */
		ACD11C9327DB1B5200521E05 /* Sources */ = {
			isa = PBXSourcesBuildPhase;
			buildActionMask = 2147483647;
			files = (
				ACD11CB627DB336A00521E05 /* TableViewController.swift in Sources */,
				AC98C34927DBDA68001EA4A4 /* NetworkError.swift in Sources */,
				ACD11C9B27DB1B5200521E05 /* AppDelegate.swift in Sources */,
				ACD11C9D27DB1B5200521E05 /* SceneDelegate.swift in Sources */,
				ACD11CB827DB912000521E05 /* TableViewCell.swift in Sources */,
				ACD11CAF27DB1C8200521E05 /* Menu.swift in Sources */,
				AC98C34627DBD485001EA4A4 /* NetworkService.swift in Sources */,
			);
			runOnlyForDeploymentPostprocessing = 0;
		};
/* End PBXSourcesBuildPhase section */

/* Begin PBXVariantGroup section */
		ACD11CA027DB1B5200521E05 /* Main.storyboard */ = {
			isa = PBXVariantGroup;
			children = (
				ACD11CA127DB1B5200521E05 /* Base */,
			);
			name = Main.storyboard;
			sourceTree = "<group>";
		};
		ACD11CA527DB1B5400521E05 /* LaunchScreen.storyboard */ = {
			isa = PBXVariantGroup;
			children = (
				ACD11CA627DB1B5400521E05 /* Base */,
			);
			name = LaunchScreen.storyboard;
			sourceTree = "<group>";
		};
/* End PBXVariantGroup section */

/* Begin XCBuildConfiguration section */
		ACD11CA927DB1B5400521E05 /* Debug */ = {
			isa = XCBuildConfiguration;
			buildSettings = {
				ALWAYS_SEARCH_USER_PATHS = NO;
				CLANG_ANALYZER_NONNULL = YES;
				CLANG_ANALYZER_NUMBER_OBJECT_CONVERSION = YES_AGGRESSIVE;
				CLANG_CXX_LANGUAGE_STANDARD = "gnu++17";
				CLANG_CXX_LIBRARY = "libc++";
				CLANG_ENABLE_MODULES = YES;
				CLANG_ENABLE_OBJC_ARC = YES;
				CLANG_ENABLE_OBJC_WEAK = YES;
				CLANG_WARN_BLOCK_CAPTURE_AUTORELEASING = YES;
				CLANG_WARN_BOOL_CONVERSION = YES;
				CLANG_WARN_COMMA = YES;
				CLANG_WARN_CONSTANT_CONVERSION = YES;
				CLANG_WARN_DEPRECATED_OBJC_IMPLEMENTATIONS = YES;
				CLANG_WARN_DIRECT_OBJC_ISA_USAGE = YES_ERROR;
				CLANG_WARN_DOCUMENTATION_COMMENTS = YES;
				CLANG_WARN_EMPTY_BODY = YES;
				CLANG_WARN_ENUM_CONVERSION = YES;
				CLANG_WARN_INFINITE_RECURSION = YES;
				CLANG_WARN_INT_CONVERSION = YES;
				CLANG_WARN_NON_LITERAL_NULL_CONVERSION = YES;
				CLANG_WARN_OBJC_IMPLICIT_RETAIN_SELF = YES;
				CLANG_WARN_OBJC_LITERAL_CONVERSION = YES;
				CLANG_WARN_OBJC_ROOT_CLASS = YES_ERROR;
				CLANG_WARN_QUOTED_INCLUDE_IN_FRAMEWORK_HEADER = YES;
				CLANG_WARN_RANGE_LOOP_ANALYSIS = YES;
				CLANG_WARN_STRICT_PROTOTYPES = YES;
				CLANG_WARN_SUSPICIOUS_MOVE = YES;
				CLANG_WARN_UNGUARDED_AVAILABILITY = YES_AGGRESSIVE;
				CLANG_WARN_UNREACHABLE_CODE = YES;
				CLANG_WARN__DUPLICATE_METHOD_MATCH = YES;
				COPY_PHASE_STRIP = NO;
				DEBUG_INFORMATION_FORMAT = dwarf;
				ENABLE_STRICT_OBJC_MSGSEND = YES;
				ENABLE_TESTABILITY = YES;
				GCC_C_LANGUAGE_STANDARD = gnu11;
				GCC_DYNAMIC_NO_PIC = NO;
				GCC_NO_COMMON_BLOCKS = YES;
				GCC_OPTIMIZATION_LEVEL = 0;
				GCC_PREPROCESSOR_DEFINITIONS = (
					"DEBUG=1",
					"$(inherited)",
				);
				GCC_WARN_64_TO_32_BIT_CONVERSION = YES;
				GCC_WARN_ABOUT_RETURN_TYPE = YES_ERROR;
				GCC_WARN_UNDECLARED_SELECTOR = YES;
				GCC_WARN_UNINITIALIZED_AUTOS = YES_AGGRESSIVE;
				GCC_WARN_UNUSED_FUNCTION = YES;
				GCC_WARN_UNUSED_VARIABLE = YES;
				IPHONEOS_DEPLOYMENT_TARGET = 15.2;
				MTL_ENABLE_DEBUG_INFO = INCLUDE_SOURCE;
				MTL_FAST_MATH = YES;
				ONLY_ACTIVE_ARCH = YES;
				SDKROOT = iphoneos;
				SWIFT_ACTIVE_COMPILATION_CONDITIONS = DEBUG;
				SWIFT_OPTIMIZATION_LEVEL = "-Onone";
			};
			name = Debug;
		};
		ACD11CAA27DB1B5400521E05 /* Release */ = {
			isa = XCBuildConfiguration;
			buildSettings = {
				ALWAYS_SEARCH_USER_PATHS = NO;
				CLANG_ANALYZER_NONNULL = YES;
				CLANG_ANALYZER_NUMBER_OBJECT_CONVERSION = YES_AGGRESSIVE;
				CLANG_CXX_LANGUAGE_STANDARD = "gnu++17";
				CLANG_CXX_LIBRARY = "libc++";
				CLANG_ENABLE_MODULES = YES;
				CLANG_ENABLE_OBJC_ARC = YES;
				CLANG_ENABLE_OBJC_WEAK = YES;
				CLANG_WARN_BLOCK_CAPTURE_AUTORELEASING = YES;
				CLANG_WARN_BOOL_CONVERSION = YES;
				CLANG_WARN_COMMA = YES;
				CLANG_WARN_CONSTANT_CONVERSION = YES;
				CLANG_WARN_DEPRECATED_OBJC_IMPLEMENTATIONS = YES;
				CLANG_WARN_DIRECT_OBJC_ISA_USAGE = YES_ERROR;
				CLANG_WARN_DOCUMENTATION_COMMENTS = YES;
				CLANG_WARN_EMPTY_BODY = YES;
				CLANG_WARN_ENUM_CONVERSION = YES;
				CLANG_WARN_INFINITE_RECURSION = YES;
				CLANG_WARN_INT_CONVERSION = YES;
				CLANG_WARN_NON_LITERAL_NULL_CONVERSION = YES;
				CLANG_WARN_OBJC_IMPLICIT_RETAIN_SELF = YES;
				CLANG_WARN_OBJC_LITERAL_CONVERSION = YES;
				CLANG_WARN_OBJC_ROOT_CLASS = YES_ERROR;
				CLANG_WARN_QUOTED_INCLUDE_IN_FRAMEWORK_HEADER = YES;
				CLANG_WARN_RANGE_LOOP_ANALYSIS = YES;
				CLANG_WARN_STRICT_PROTOTYPES = YES;
				CLANG_WARN_SUSPICIOUS_MOVE = YES;
				CLANG_WARN_UNGUARDED_AVAILABILITY = YES_AGGRESSIVE;
				CLANG_WARN_UNREACHABLE_CODE = YES;
				CLANG_WARN__DUPLICATE_METHOD_MATCH = YES;
				COPY_PHASE_STRIP = NO;
				DEBUG_INFORMATION_FORMAT = "dwarf-with-dsym";
				ENABLE_NS_ASSERTIONS = NO;
				ENABLE_STRICT_OBJC_MSGSEND = YES;
				GCC_C_LANGUAGE_STANDARD = gnu11;
				GCC_NO_COMMON_BLOCKS = YES;
				GCC_WARN_64_TO_32_BIT_CONVERSION = YES;
				GCC_WARN_ABOUT_RETURN_TYPE = YES_ERROR;
				GCC_WARN_UNDECLARED_SELECTOR = YES;
				GCC_WARN_UNINITIALIZED_AUTOS = YES_AGGRESSIVE;
				GCC_WARN_UNUSED_FUNCTION = YES;
				GCC_WARN_UNUSED_VARIABLE = YES;
				IPHONEOS_DEPLOYMENT_TARGET = 15.2;
				MTL_ENABLE_DEBUG_INFO = NO;
				MTL_FAST_MATH = YES;
				SDKROOT = iphoneos;
				SWIFT_COMPILATION_MODE = wholemodule;
				SWIFT_OPTIMIZATION_LEVEL = "-O";
				VALIDATE_PRODUCT = YES;
			};
			name = Release;
		};
		ACD11CAC27DB1B5400521E05 /* Debug */ = {
			isa = XCBuildConfiguration;
			buildSettings = {
				ASSETCATALOG_COMPILER_APPICON_NAME = AppIcon;
				ASSETCATALOG_COMPILER_GLOBAL_ACCENT_COLOR_NAME = AccentColor;
				CODE_SIGN_STYLE = Automatic;
				CURRENT_PROJECT_VERSION = 1;
				DEVELOPMENT_TEAM = 3RHD2X6JR9;
				GENERATE_INFOPLIST_FILE = YES;
				INFOPLIST_FILE = GambitProject/Info.plist;
				INFOPLIST_KEY_UIApplicationSupportsIndirectInputEvents = YES;
				INFOPLIST_KEY_UILaunchStoryboardName = LaunchScreen;
				INFOPLIST_KEY_UIMainStoryboardFile = Main;
				INFOPLIST_KEY_UISupportedInterfaceOrientations_iPad = "UIInterfaceOrientationPortrait UIInterfaceOrientationPortraitUpsideDown UIInterfaceOrientationLandscapeLeft UIInterfaceOrientationLandscapeRight";
				INFOPLIST_KEY_UISupportedInterfaceOrientations_iPhone = "UIInterfaceOrientationPortrait UIInterfaceOrientationLandscapeLeft UIInterfaceOrientationLandscapeRight";
				LD_RUNPATH_SEARCH_PATHS = (
					"$(inherited)",
					"@executable_path/Frameworks",
				);
				MARKETING_VERSION = 1.0;
				PRODUCT_BUNDLE_IDENTIFIER = com.naidaMamaeva.GambitProject;
				PRODUCT_NAME = "$(TARGET_NAME)";
				SWIFT_EMIT_LOC_STRINGS = YES;
				SWIFT_VERSION = 5.0;
				TARGETED_DEVICE_FAMILY = "1,2";
			};
			name = Debug;
		};
		ACD11CAD27DB1B5400521E05 /* Release */ = {
			isa = XCBuildConfiguration;
			buildSettings = {
				ASSETCATALOG_COMPILER_APPICON_NAME = AppIcon;
				ASSETCATALOG_COMPILER_GLOBAL_ACCENT_COLOR_NAME = AccentColor;
				CODE_SIGN_STYLE = Automatic;
				CURRENT_PROJECT_VERSION = 1;
				DEVELOPMENT_TEAM = 3RHD2X6JR9;
				GENERATE_INFOPLIST_FILE = YES;
				INFOPLIST_FILE = GambitProject/Info.plist;
				INFOPLIST_KEY_UIApplicationSupportsIndirectInputEvents = YES;
				INFOPLIST_KEY_UILaunchStoryboardName = LaunchScreen;
				INFOPLIST_KEY_UIMainStoryboardFile = Main;
				INFOPLIST_KEY_UISupportedInterfaceOrientations_iPad = "UIInterfaceOrientationPortrait UIInterfaceOrientationPortraitUpsideDown UIInterfaceOrientationLandscapeLeft UIInterfaceOrientationLandscapeRight";
				INFOPLIST_KEY_UISupportedInterfaceOrientations_iPhone = "UIInterfaceOrientationPortrait UIInterfaceOrientationLandscapeLeft UIInterfaceOrientationLandscapeRight";
				LD_RUNPATH_SEARCH_PATHS = (
					"$(inherited)",
					"@executable_path/Frameworks",
				);
				MARKETING_VERSION = 1.0;
				PRODUCT_BUNDLE_IDENTIFIER = com.naidaMamaeva.GambitProject;
				PRODUCT_NAME = "$(TARGET_NAME)";
				SWIFT_EMIT_LOC_STRINGS = YES;
				SWIFT_VERSION = 5.0;
				TARGETED_DEVICE_FAMILY = "1,2";
			};
			name = Release;
		};
/* End XCBuildConfiguration section */

/* Begin XCConfigurationList section */
		ACD11C9227DB1B5200521E05 /* Build configuration list for PBXProject "GambitProject" */ = {
			isa = XCConfigurationList;
			buildConfigurations = (
				ACD11CA927DB1B5400521E05 /* Debug */,
				ACD11CAA27DB1B5400521E05 /* Release */,
			);
			defaultConfigurationIsVisible = 0;
			defaultConfigurationName = Release;
		};
		ACD11CAB27DB1B5400521E05 /* Build configuration list for PBXNativeTarget "GambitProject" */ = {
			isa = XCConfigurationList;
			buildConfigurations = (
				ACD11CAC27DB1B5400521E05 /* Debug */,
				ACD11CAD27DB1B5400521E05 /* Release */,
			);
			defaultConfigurationIsVisible = 0;
			defaultConfigurationName = Release;
		};
/* End XCConfigurationList section */
	};
	rootObject = ACD11C8F27DB1B5200521E05 /* Project object */;
}
